
Microsoft Visual Studio Solution File, Format Version 12.00
# Visual Studio Version 16
VisualStudioVersion = 16.0.30114.105
MinimumVisualStudioVersion = 10.0.40219.1
Project("{FAE04EC0-301F-11D3-BF4B-00C04F79EFBC}") = "KALKUL", "KALKUL\KALKUL.csproj", "{EF7834E4-1AC6-4F86-A05B-2EF6070951E3}"
EndProject
Global
	GlobalSection(SolutionConfigurationPlatforms) = preSolution
		Debug|Any CPU = Debug|Any CPU
		Release|Any CPU = Release|Any CPU
	EndGlobalSection
	GlobalSection(ProjectConfigurationPlatforms) = postSolution
		{EF7834E4-1AC6-4F86-A05B-2EF6070951E3}.Debug|Any CPU.ActiveCfg = Debug|Any CPU
		{EF7834E4-1AC6-4F86-A05B-2EF6070951E3}.Debug|Any CPU.Build.0 = Debug|Any CPU
		{EF7834E4-1AC6-4F86-A05B-2EF6070951E3}.Release|Any CPU.ActiveCfg = Release|Any CPU
		{EF7834E4-1AC6-4F86-A05B-2EF6070951E3}.Release|Any CPU.Build.0 = Release|Any CPU
	EndGlobalSection
	GlobalSection(SolutionProperties) = preSolution
		HideSolutionNode = FALSE
	EndGlobalSection
	GlobalSection(ExtensibilityGlobals) = postSolution
		SolutionGuid = {7FE3F640-A3B7-4DE5-9459-F9B782EA4FF7}
	EndGlobalSection
EndGlobal
